
Microsoft Visual Studio Solution File, Format Version 12.00
# Visual Studio Version 17
VisualStudioVersion = 17.0.31903.59
MinimumVisualStudioVersion = 10.0.40219.1
Project("{2150E333-8FDC-42A3-9474-1A3956D46DE8}") = "src", "src", "{827E0CD3-B72D-47B6-A68D-7590B98EB39B}"
EndProject
Project("{FAE04EC0-301F-11D3-BF4B-00C04F79EFBC}") = "Watchdog.Server", "src\Watchdog.Server\Watchdog.Server.csproj", "{A148612B-377F-4440-B2F6-8BA04DE2E60D}"
EndProject
Project("{2150E333-8FDC-42A3-9474-1A3956D46DE8}") = "tests", "tests", "{0AB3BF05-4346-4AA6-1389-037BE0695223}"
EndProject
Project("{FAE04EC0-301F-11D3-BF4B-00C04F79EFBC}") = "Watchdog.Tests", "tests\Watchdog.Tests\Watchdog.Tests.csproj", "{D7B8BFC3-BE53-4678-8069-208852DB8C04}"
EndProject
Global
	GlobalSection(SolutionConfigurationPlatforms) = preSolution
		Debug|Any CPU = Debug|Any CPU
		Debug|x64 = Debug|x64
		Debug|x86 = Debug|x86
		Release|Any CPU = Release|Any CPU
		Release|x64 = Release|x64
		Release|x86 = Release|x86
	EndGlobalSection
	GlobalSection(ProjectConfigurationPlatforms) = postSolution
		{A148612B-377F-4440-B2F6-8BA04DE2E60D}.Debug|Any CPU.ActiveCfg = Debug|Any CPU
		{A148612B-377F-4440-B2F6-8BA04DE2E60D}.Debug|Any CPU.Build.0 = Debug|Any CPU
		{A148612B-377F-4440-B2F6-8BA04DE2E60D}.Debug|x64.ActiveCfg = Debug|Any CPU
		{A148612B-377F-4440-B2F6-8BA04DE2E60D}.Debug|x64.Build.0 = Debug|Any CPU
		{A148612B-377F-4440-B2F6-8BA04DE2E60D}.Debug|x86.ActiveCfg = Debug|Any CPU
		{A148612B-377F-4440-B2F6-8BA04DE2E60D}.Debug|x86.Build.0 = Debug|Any CPU
		{A148612B-377F-4440-B2F6-8BA04DE2E60D}.Release|Any CPU.ActiveCfg = Release|Any CPU
		{A148612B-377F-4440-B2F6-8BA04DE2E60D}.Release|Any CPU.Build.0 = Release|Any CPU
		{A148612B-377F-4440-B2F6-8BA04DE2E60D}.Release|x64.ActiveCfg = Release|Any CPU
		{A148612B-377F-4440-B2F6-8BA04DE2E60D}.Release|x64.Build.0 = Release|Any CPU
		{A148612B-377F-4440-B2F6-8BA04DE2E60D}.Release|x86.ActiveCfg = Release|Any CPU
		{A148612B-377F-4440-B2F6-8BA04DE2E60D}.Release|x86.Build.0 = Release|Any CPU
		{D7B8BFC3-BE53-4678-8069-208852DB8C04}.Debug|Any CPU.ActiveCfg = Debug|Any CPU
		{D7B8BFC3-BE53-4678-8069-208852DB8C04}.Debug|Any CPU.Build.0 = Debug|Any CPU
		{D7B8BFC3-BE53-4678-8069-208852DB8C04}.Debug|x64.ActiveCfg = Debug|Any CPU
		{D7B8BFC3-BE53-4678-8069-208852DB8C04}.Debug|x64.Build.0 = Debug|Any CPU
		{D7B8BFC3-BE53-4678-8069-208852DB8C04}.Debug|x86.ActiveCfg = Debug|Any CPU
		{D7B8BFC3-BE53-4678-8069-208852DB8C04}.Debug|x86.Build.0 = Debug|Any CPU
		{D7B8BFC3-BE53-4678-8069-208852DB8C04}.Release|Any CPU.ActiveCfg = Release|Any CPU
		{D7B8BFC3-BE53-4678-8069-208852DB8C04}.Release|Any CPU.Build.0 = Release|Any CPU
		{D7B8BFC3-BE53-4678-8069-208852DB8C04}.Release|x64.ActiveCfg = Release|Any CPU
		{D7B8BFC3-BE53-4678-8069-208852DB8C04}.Release|x64.Build.0 = Release|Any CPU
		{D7B8BFC3-BE53-4678-8069-208852DB8C04}.Release|x86.ActiveCfg = Release|Any CPU
		{D7B8BFC3-BE53-4678-8069-208852DB8C04}.Release|x86.Build.0 = Release|Any CPU
	EndGlobalSection
	GlobalSection(SolutionProperties) = preSolution
		HideSolutionNode = FALSE
	EndGlobalSection
	GlobalSection(NestedProjects) = preSolution
		{A148612B-377F-4440-B2F6-8BA04DE2E60D} = {827E0CD3-B72D-47B6-A68D-7590B98EB39B}
		{D7B8BFC3-BE53-4678-8069-208852DB8C04} = {0AB3BF05-4346-4AA6-1389-037BE0695223}
	EndGlobalSection
EndGlobal
